
Microsoft Visual Studio Solution File, Format Version 12.00
# Visual Studio Version 17
VisualStudioVersion = 17.0.31903.59
MinimumVisualStudioVersion = 10.0.40219.1
Project("{FAE04EC0-301F-11D3-BF4B-00C04F79EFBC}") = "01-LuzInga.Api", "LuzInga.Api\LuzInga.Api.csproj", "{1FFAE1F5-23E6-4061-A8C7-B27168009690}"
EndProject
Project("{FAE04EC0-301F-11D3-BF4B-00C04F79EFBC}") = "02-LuzInga.Application", "LuzInga.Application\LuzInga.Application.csproj", "{A4A8DD46-A69C-4310-804D-37B643FB2C96}"
EndProject
Project("{FAE04EC0-301F-11D3-BF4B-00C04F79EFBC}") = "04-LuzInga.Infra", "LuzInga.Infra\LuzInga.Infra.csproj", "{F27ACFEE-E804-4FF6-A3C7-E486F8020217}"
EndProject
Project("{FAE04EC0-301F-11D3-BF4B-00C04F79EFBC}") = "03-LuzInga.Domain", "LuzInga.Domain\LuzInga.Domain.csproj", "{2081934E-A451-4F02-9D00-68E41219EA17}"
EndProject
Project("{FAE04EC0-301F-11D3-BF4B-00C04F79EFBC}") = "05-LuzInga.UnitTests", "LuzInga.UnitTests\LuzInga.UnitTests.csproj", "{238FF8F2-E6B9-4381-90D6-335046C5B3B7}"
EndProject
Global
	GlobalSection(SolutionConfigurationPlatforms) = preSolution
		Debug|Any CPU = Debug|Any CPU
		Release|Any CPU = Release|Any CPU
	EndGlobalSection
	GlobalSection(SolutionProperties) = preSolution
		HideSolutionNode = FALSE
	EndGlobalSection
	GlobalSection(ProjectConfigurationPlatforms) = postSolution
		{1FFAE1F5-23E6-4061-A8C7-B27168009690}.Debug|Any CPU.ActiveCfg = Debug|Any CPU
		{1FFAE1F5-23E6-4061-A8C7-B27168009690}.Debug|Any CPU.Build.0 = Debug|Any CPU
		{1FFAE1F5-23E6-4061-A8C7-B27168009690}.Release|Any CPU.ActiveCfg = Release|Any CPU
		{1FFAE1F5-23E6-4061-A8C7-B27168009690}.Release|Any CPU.Build.0 = Release|Any CPU
		{A4A8DD46-A69C-4310-804D-37B643FB2C96}.Debug|Any CPU.ActiveCfg = Debug|Any CPU
		{A4A8DD46-A69C-4310-804D-37B643FB2C96}.Debug|Any CPU.Build.0 = Debug|Any CPU
		{A4A8DD46-A69C-4310-804D-37B643FB2C96}.Release|Any CPU.ActiveCfg = Release|Any CPU
		{A4A8DD46-A69C-4310-804D-37B643FB2C96}.Release|Any CPU.Build.0 = Release|Any CPU
		{F27ACFEE-E804-4FF6-A3C7-E486F8020217}.Debug|Any CPU.ActiveCfg = Debug|Any CPU
		{F27ACFEE-E804-4FF6-A3C7-E486F8020217}.Debug|Any CPU.Build.0 = Debug|Any CPU
		{F27ACFEE-E804-4FF6-A3C7-E486F8020217}.Release|Any CPU.ActiveCfg = Release|Any CPU
		{F27ACFEE-E804-4FF6-A3C7-E486F8020217}.Release|Any CPU.Build.0 = Release|Any CPU
		{2081934E-A451-4F02-9D00-68E41219EA17}.Debug|Any CPU.ActiveCfg = Debug|Any CPU
		{2081934E-A451-4F02-9D00-68E41219EA17}.Debug|Any CPU.Build.0 = Debug|Any CPU
		{2081934E-A451-4F02-9D00-68E41219EA17}.Release|Any CPU.ActiveCfg = Release|Any CPU
		{2081934E-A451-4F02-9D00-68E41219EA17}.Release|Any CPU.Build.0 = Release|Any CPU
		{238FF8F2-E6B9-4381-90D6-335046C5B3B7}.Debug|Any CPU.ActiveCfg = Debug|Any CPU
		{238FF8F2-E6B9-4381-90D6-335046C5B3B7}.Debug|Any CPU.Build.0 = Debug|Any CPU
		{238FF8F2-E6B9-4381-90D6-335046C5B3B7}.Release|Any CPU.ActiveCfg = Release|Any CPU
		{238FF8F2-E6B9-4381-90D6-335046C5B3B7}.Release|Any CPU.Build.0 = Release|Any CPU
	EndGlobalSection
EndGlobal
